
Microsoft Visual Studio Solution File, Format Version 12.00
# Visual Studio Version 17
VisualStudioVersion = 17.0.31919.166
MinimumVisualStudioVersion = 10.0.40219.1
Project("{FAE04EC0-301F-11D3-BF4B-00C04F79EFBC}") = "SisBiblioteca", "SisBiblioteca\SisBiblioteca.csproj", "{82E79CCA-76F1-49E0-9EC1-D852F4CEC595}"
EndProject
Global
	GlobalSection(SolutionConfigurationPlatforms) = preSolution
		Debug|Any CPU = Debug|Any CPU
		Release|Any CPU = Release|Any CPU
	EndGlobalSection
	GlobalSection(ProjectConfigurationPlatforms) = postSolution
		{82E79CCA-76F1-49E0-9EC1-D852F4CEC595}.Debug|Any CPU.ActiveCfg = Debug|Any CPU
		{82E79CCA-76F1-49E0-9EC1-D852F4CEC595}.Debug|Any CPU.Build.0 = Debug|Any CPU
		{82E79CCA-76F1-49E0-9EC1-D852F4CEC595}.Release|Any CPU.ActiveCfg = Release|Any CPU
		{82E79CCA-76F1-49E0-9EC1-D852F4CEC595}.Release|Any CPU.Build.0 = Release|Any CPU
	EndGlobalSection
	GlobalSection(SolutionProperties) = preSolution
		HideSolutionNode = FALSE
	EndGlobalSection
	GlobalSection(ExtensibilityGlobals) = postSolution
		SolutionGuid = {54E6251B-5EC4-4A7F-A496-481A8EA64DAB}
	EndGlobalSection
EndGlobal
